
Microsoft Visual Studio Solution File, Format Version 12.00
# Visual Studio Version 17
VisualStudioVersion = 17.13.35723.152 d17.13
MinimumVisualStudioVersion = 10.0.40219.1
Project("{FAE04EC0-301F-11D3-BF4B-00C04F79EFBC}") = "Book Manager", "Book Manager\Book Manager.csproj", "{3624BEA8-018C-4403-B9CE-2F8E51E04AE9}"
EndProject
Global
	GlobalSection(SolutionConfigurationPlatforms) = preSolution
		Debug|Any CPU = Debug|Any CPU
		Release|Any CPU = Release|Any CPU
	EndGlobalSection
	GlobalSection(ProjectConfigurationPlatforms) = postSolution
		{3624BEA8-018C-4403-B9CE-2F8E51E04AE9}.Debug|Any CPU.ActiveCfg = Debug|Any CPU
		{3624BEA8-018C-4403-B9CE-2F8E51E04AE9}.Debug|Any CPU.Build.0 = Debug|Any CPU
		{3624BEA8-018C-4403-B9CE-2F8E51E04AE9}.Release|Any CPU.ActiveCfg = Release|Any CPU
		{3624BEA8-018C-4403-B9CE-2F8E51E04AE9}.Release|Any CPU.Build.0 = Release|Any CPU
	EndGlobalSection
	GlobalSection(SolutionProperties) = preSolution
		HideSolutionNode = FALSE
	EndGlobalSection
	GlobalSection(ExtensibilityGlobals) = postSolution
		SolutionGuid = {A2C3ACC4-CF5D-40E3-AB5B-F22A4BBF9AAA}
	EndGlobalSection
EndGlobal
